# This is a Gradle generated file for dependency locking.
# Manual edits can break the build and are not advised.
# This file is expected to be part of source control.
# To regenerate this file, run: ./gradlew :dependencies --write-locks
com.github.oowekyala.ooxml:nice-xml-messages:3.1=pmdCpdRuntime
com.google.code.gson:gson:2.14.0=pmdCpdRuntime
com.google.errorprone:error_prone_annotations:2.48.0=pmdCpdRuntime
info.picocli:picocli:4.7.7=pmdCpdRuntime
me.tongfei:progressbar:0.9.5=pmdCpdRuntime
net.sf.saxon:Saxon-HE:12.9=pmdCpdRuntime
net.sourceforge.pmd:pmd-cli:7.25.0=pmdCpdRuntime
net.sourceforge.pmd:pmd-core:7.25.0=pmdCpdRuntime
net.sourceforge.pmd:pmd-designer:7.19.2=pmdCpdRuntime
net.sourceforge.pmd:pmd-java:7.25.0=pmdCpdRuntime
org.antlr:antlr4-runtime:4.13.2=pmdCpdRuntime
org.apache.commons:commons-lang3:3.20.0=pmdCpdRuntime
org.checkerframework:checker-qual:4.1.0=pmdCpdRuntime
org.jacoco:org.jacoco.agent:0.8.14=jacocoAgent,jacocoAnt
org.jacoco:org.jacoco.ant:0.8.14=jacocoAnt
org.jacoco:org.jacoco.core:0.8.14=jacocoAnt
org.jacoco:org.jacoco.report:0.8.14=jacocoAnt
org.jline:jline:3.21.0=pmdCpdRuntime
org.ow2.asm:asm-commons:9.9=jacocoAnt
org.ow2.asm:asm-tree:9.9=jacocoAnt
org.ow2.asm:asm:9.10.1=pmdCpdRuntime
org.ow2.asm:asm:9.9=jacocoAnt
org.pcollections:pcollections:4.0.2=pmdCpdRuntime
org.slf4j:jul-to-slf4j:1.7.36=pmdCpdRuntime
org.slf4j:slf4j-api:1.7.36=pmdCpdRuntime
org.slf4j:slf4j-simple:1.7.36=pmdCpdRuntime
org.xmlresolver:xmlresolver:5.3.3=pmdCpdRuntime
empty=
